
Microsoft Visual Studio Solution File, Format Version 12.00
# Visual Studio Version 17
VisualStudioVersion = 17.9.34728.123
MinimumVisualStudioVersion = 10.0.40219.1
Project("{FAE04EC0-301F-11D3-BF4B-00C04F79EFBC}") = "FlaskFactory", "FlaskFactory\FlaskFactory.csproj", "{A5C04CE3-3731-49C8-A931-0132C09056A4}"
EndProject
Global
	GlobalSection(SolutionConfigurationPlatforms) = preSolution
		Debug|Any CPU = Debug|Any CPU
		Release|Any CPU = Release|Any CPU
	EndGlobalSection
	GlobalSection(ProjectConfigurationPlatforms) = postSolution
		{A5C04CE3-3731-49C8-A931-0132C09056A4}.Debug|Any CPU.ActiveCfg = Debug|Any CPU
		{A5C04CE3-3731-49C8-A931-0132C09056A4}.Debug|Any CPU.Build.0 = Debug|Any CPU
		{A5C04CE3-3731-49C8-A931-0132C09056A4}.Release|Any CPU.ActiveCfg = Release|Any CPU
		{A5C04CE3-3731-49C8-A931-0132C09056A4}.Release|Any CPU.Build.0 = Release|Any CPU
	EndGlobalSection
	GlobalSection(SolutionProperties) = preSolution
		HideSolutionNode = FALSE
	EndGlobalSection
	GlobalSection(ExtensibilityGlobals) = postSolution
		SolutionGuid = {1B0B4E2E-24B8-4192-B652-1EAA6F6B6DC3}
	EndGlobalSection
EndGlobal
